// !$*UTF8*$!
{
	archiveVersion = 1;
	classes = {
	};
	objectVersion = 56;
	objects = {

/* Begin PBXBuildFile section */
		F70772D32A9710FA00F04558 /* AppDelegate.swift in Sources */ = {isa = PBXBuildFile; fileRef = F70772D22A9710FA00F04558 /* AppDelegate.swift */; };
		F70772D52A9710FA00F04558 /* SceneDelegate.swift in Sources */ = {isa = PBXBuildFile; fileRef = F70772D42A9710FA00F04558 /* SceneDelegate.swift */; };
		F70772D72A9710FA00F04558 /* RMTabBarVc.swift in Sources */ = {isa = PBXBuildFile; fileRef = F70772D62A9710FA00F04558 /* RMTabBarVc.swift */; };
		F70772DC2A9710FB00F04558 /* Assets.xcassets in Resources */ = {isa = PBXBuildFile; fileRef = F70772DB2A9710FB00F04558 /* Assets.xcassets */; };
		F70772DF2A9710FB00F04558 /* LaunchScreen.storyboard in Resources */ = {isa = PBXBuildFile; fileRef = F70772DD2A9710FB00F04558 /* LaunchScreen.storyboard */; };
		F70772EF2A9713F900F04558 /* RMLocation.swift in Sources */ = {isa = PBXBuildFile; fileRef = F70772EE2A9713F900F04558 /* RMLocation.swift */; };
		F70772F12A97140300F04558 /* RMCharacter.swift in Sources */ = {isa = PBXBuildFile; fileRef = F70772F02A97140300F04558 /* RMCharacter.swift */; };
		F70772F42A97141D00F04558 /* RMEpisode.swift in Sources */ = {isa = PBXBuildFile; fileRef = F70772F32A97141D00F04558 /* RMEpisode.swift */; };
		F70772F62A97146500F04558 /* RMCharacterVc.swift in Sources */ = {isa = PBXBuildFile; fileRef = F70772F52A97146500F04558 /* RMCharacterVc.swift */; };
		F70772F82A97147800F04558 /* RMLocationVc.swift in Sources */ = {isa = PBXBuildFile; fileRef = F70772F72A97147800F04558 /* RMLocationVc.swift */; };
		F70772FA2A97148C00F04558 /* RMEpisodeVc.swift in Sources */ = {isa = PBXBuildFile; fileRef = F70772F92A97148C00F04558 /* RMEpisodeVc.swift */; };
		F70772FC2A97149600F04558 /* RMSettingVc.swift in Sources */ = {isa = PBXBuildFile; fileRef = F70772FB2A97149600F04558 /* RMSettingVc.swift */; };
/* End PBXBuildFile section */

/* Begin PBXFileReference section */
		F70772CF2A9710FA00F04558 /* RickAndMorty.app */ = {isa = PBXFileReference; explicitFileType = wrapper.application; includeInIndex = 0; path = RickAndMorty.app; sourceTree = BUILT_PRODUCTS_DIR; };
		F70772D22A9710FA00F04558 /* AppDelegate.swift */ = {isa = PBXFileReference; lastKnownFileType = sourcecode.swift; path = AppDelegate.swift; sourceTree = "<group>"; };
		F70772D42A9710FA00F04558 /* SceneDelegate.swift */ = {isa = PBXFileReference; lastKnownFileType = sourcecode.swift; path = SceneDelegate.swift; sourceTree = "<group>"; };
		F70772D62A9710FA00F04558 /* RMTabBarVc.swift */ = {isa = PBXFileReference; lastKnownFileType = sourcecode.swift; path = RMTabBarVc.swift; sourceTree = "<group>"; };
		F70772DB2A9710FB00F04558 /* Assets.xcassets */ = {isa = PBXFileReference; lastKnownFileType = folder.assetcatalog; path = Assets.xcassets; sourceTree = "<group>"; };
		F70772DE2A9710FB00F04558 /* Base */ = {isa = PBXFileReference; lastKnownFileType = file.storyboard; name = Base; path = Base.lproj/LaunchScreen.storyboard; sourceTree = "<group>"; };
		F70772E02A9710FB00F04558 /* Info.plist */ = {isa = PBXFileReference; lastKnownFileType = text.plist.xml; path = Info.plist; sourceTree = "<group>"; };
		F70772EE2A9713F900F04558 /* RMLocation.swift */ = {isa = PBXFileReference; lastKnownFileType = sourcecode.swift; path = RMLocation.swift; sourceTree = "<group>"; };
		F70772F02A97140300F04558 /* RMCharacter.swift */ = {isa = PBXFileReference; lastKnownFileType = sourcecode.swift; path = RMCharacter.swift; sourceTree = "<group>"; };
		F70772F32A97141D00F04558 /* RMEpisode.swift */ = {isa = PBXFileReference; lastKnownFileType = sourcecode.swift; path = RMEpisode.swift; sourceTree = "<group>"; };
		F70772F52A97146500F04558 /* RMCharacterVc.swift */ = {isa = PBXFileReference; lastKnownFileType = sourcecode.swift; path = RMCharacterVc.swift; sourceTree = "<group>"; };
		F70772F72A97147800F04558 /* RMLocationVc.swift */ = {isa = PBXFileReference; lastKnownFileType = sourcecode.swift; path = RMLocationVc.swift; sourceTree = "<group>"; };
		F70772F92A97148C00F04558 /* RMEpisodeVc.swift */ = {isa = PBXFileReference; lastKnownFileType = sourcecode.swift; path = RMEpisodeVc.swift; sourceTree = "<group>"; };
		F70772FB2A97149600F04558 /* RMSettingVc.swift */ = {isa = PBXFileReference; lastKnownFileType = sourcecode.swift; path = RMSettingVc.swift; sourceTree = "<group>"; };
/* End PBXFileReference section */

/* Begin PBXFrameworksBuildPhase section */
		F70772CC2A9710FA00F04558 /* Frameworks */ = {
			isa = PBXFrameworksBuildPhase;
			buildActionMask = 2147483647;
			files = (
			);
			runOnlyForDeploymentPostprocessing = 0;
		};
/* End PBXFrameworksBuildPhase section */

/* Begin PBXGroup section */
		F70772C62A9710FA00F04558 = {
			isa = PBXGroup;
			children = (
				F70772D12A9710FA00F04558 /* RickAndMorty */,
				F70772D02A9710FA00F04558 /* Products */,
			);
			sourceTree = "<group>";
		};
		F70772D02A9710FA00F04558 /* Products */ = {
			isa = PBXGroup;
			children = (
				F70772CF2A9710FA00F04558 /* RickAndMorty.app */,
			);
			name = Products;
			sourceTree = "<group>";
		};
		F70772D12A9710FA00F04558 /* RickAndMorty */ = {
			isa = PBXGroup;
			children = (
				F70772EC2A9712B900F04558 /* Resources */,
				F70772EB2A9712A900F04558 /* Managers */,
				F70772EA2A97129900F04558 /* APIClient */,
				F70772E82A97126400F04558 /* ViewModels */,
				F70772E92A97127200F04558 /* Views */,
				F70772E72A97125E00F04558 /* Models */,
				F70772E62A97125600F04558 /* Controllers */,
				F70772E02A9710FB00F04558 /* Info.plist */,
			);
			path = RickAndMorty;
			sourceTree = "<group>";
		};
		F70772E62A97125600F04558 /* Controllers */ = {
			isa = PBXGroup;
			children = (
				F70772ED2A9713DC00F04558 /* Core */,
			);
			path = Controllers;
			sourceTree = "<group>";
		};
		F70772E72A97125E00F04558 /* Models */ = {
			isa = PBXGroup;
			children = (
				F70772EE2A9713F900F04558 /* RMLocation.swift */,
				F70772F02A97140300F04558 /* RMCharacter.swift */,
				F70772F32A97141D00F04558 /* RMEpisode.swift */,
			);
			path = Models;
			sourceTree = "<group>";
		};
		F70772E82A97126400F04558 /* ViewModels */ = {
			isa = PBXGroup;
			children = (
			);
			path = ViewModels;
			sourceTree = "<group>";
		};
		F70772E92A97127200F04558 /* Views */ = {
			isa = PBXGroup;
			children = (
			);
			path = Views;
			sourceTree = "<group>";
		};
		F70772EA2A97129900F04558 /* APIClient */ = {
			isa = PBXGroup;
			children = (
			);
			path = APIClient;
			sourceTree = "<group>";
		};
		F70772EB2A9712A900F04558 /* Managers */ = {
			isa = PBXGroup;
			children = (
			);
			path = Managers;
			sourceTree = "<group>";
		};
		F70772EC2A9712B900F04558 /* Resources */ = {
			isa = PBXGroup;
			children = (
				F70772D22A9710FA00F04558 /* AppDelegate.swift */,
				F70772D42A9710FA00F04558 /* SceneDelegate.swift */,
				F70772DB2A9710FB00F04558 /* Assets.xcassets */,
				F70772DD2A9710FB00F04558 /* LaunchScreen.storyboard */,
			);
			path = Resources;
			sourceTree = "<group>";
		};
		F70772ED2A9713DC00F04558 /* Core */ = {
			isa = PBXGroup;
			children = (
				F70772D62A9710FA00F04558 /* RMTabBarVc.swift */,
				F70772F52A97146500F04558 /* RMCharacterVc.swift */,
				F70772F72A97147800F04558 /* RMLocationVc.swift */,
				F70772F92A97148C00F04558 /* RMEpisodeVc.swift */,
				F70772FB2A97149600F04558 /* RMSettingVc.swift */,
			);
			path = Core;
			sourceTree = "<group>";
		};
/* End PBXGroup section */

/* Begin PBXNativeTarget section */
		F70772CE2A9710FA00F04558 /* RickAndMorty */ = {
			isa = PBXNativeTarget;
			buildConfigurationList = F70772E32A9710FB00F04558 /* Build configuration list for PBXNativeTarget "RickAndMorty" */;
			buildPhases = (
				F70772CB2A9710FA00F04558 /* Sources */,
				F70772CC2A9710FA00F04558 /* Frameworks */,
				F70772CD2A9710FA00F04558 /* Resources */,
			);
			buildRules = (
			);
			dependencies = (
			);
			name = RickAndMorty;
			productName = RickAndMorty;
			productReference = F70772CF2A9710FA00F04558 /* RickAndMorty.app */;
			productType = "com.apple.product-type.application";
		};
/* End PBXNativeTarget section */

/* Begin PBXProject section */
		F70772C72A9710FA00F04558 /* Project object */ = {
			isa = PBXProject;
			attributes = {
				BuildIndependentTargetsInParallel = 1;
				LastSwiftUpdateCheck = 1430;
				LastUpgradeCheck = 1430;
				TargetAttributes = {
					F70772CE2A9710FA00F04558 = {
						CreatedOnToolsVersion = 14.3;
					};
				};
			};
			buildConfigurationList = F70772CA2A9710FA00F04558 /* Build configuration list for PBXProject "RickAndMorty" */;
			compatibilityVersion = "Xcode 14.0";
			developmentRegion = en;
			hasScannedForEncodings = 0;
			knownRegions = (
				en,
				Base,
			);
			mainGroup = F70772C62A9710FA00F04558;
			productRefGroup = F70772D02A9710FA00F04558 /* Products */;
			projectDirPath = "";
			projectRoot = "";
			targets = (
				F70772CE2A9710FA00F04558 /* RickAndMorty */,
			);
		};
/* End PBXProject section */

/* Begin PBXResourcesBuildPhase section */
		F70772CD2A9710FA00F04558 /* Resources */ = {
			isa = PBXResourcesBuildPhase;
			buildActionMask = 2147483647;
			files = (
				F70772DF2A9710FB00F04558 /* LaunchScreen.storyboard in Resources */,
				F70772DC2A9710FB00F04558 /* Assets.xcassets in Resources */,
			);
			runOnlyForDeploymentPostprocessing = 0;
		};
/* End PBXResourcesBuildPhase section */

/* Begin PBXSourcesBuildPhase section */
		F70772CB2A9710FA00F04558 /* Sources */ = {
			isa = PBXSourcesBuildPhase;
			buildActionMask = 2147483647;
			files = (
				F70772F42A97141D00F04558 /* RMEpisode.swift in Sources */,
				F70772D72A9710FA00F04558 /* RMTabBarVc.swift in Sources */,
				F70772FC2A97149600F04558 /* RMSettingVc.swift in Sources */,
				F70772D32A9710FA00F04558 /* AppDelegate.swift in Sources */,
				F70772D52A9710FA00F04558 /* SceneDelegate.swift in Sources */,
				F70772EF2A9713F900F04558 /* RMLocation.swift in Sources */,
				F70772F12A97140300F04558 /* RMCharacter.swift in Sources */,
				F70772F82A97147800F04558 /* RMLocationVc.swift in Sources */,
				F70772FA2A97148C00F04558 /* RMEpisodeVc.swift in Sources */,
				F70772F62A97146500F04558 /* RMCharacterVc.swift in Sources */,
			);
			runOnlyForDeploymentPostprocessing = 0;
		};
/* End PBXSourcesBuildPhase section */

/* Begin PBXVariantGroup section */
		F70772DD2A9710FB00F04558 /* LaunchScreen.storyboard */ = {
			isa = PBXVariantGroup;
			children = (
				F70772DE2A9710FB00F04558 /* Base */,
			);
			name = LaunchScreen.storyboard;
			sourceTree = "<group>";
		};
/* End PBXVariantGroup section */

/* Begin XCBuildConfiguration section */
		F70772E12A9710FB00F04558 /* Debug */ = {
			isa = XCBuildConfiguration;
			buildSettings = {
				ALWAYS_SEARCH_USER_PATHS = NO;
				CLANG_ANALYZER_NONNULL = YES;
				CLANG_ANALYZER_NUMBER_OBJECT_CONVERSION = YES_AGGRESSIVE;
				CLANG_CXX_LANGUAGE_STANDARD = "gnu++20";
				CLANG_ENABLE_MODULES = YES;
				CLANG_ENABLE_OBJC_ARC = YES;
				CLANG_ENABLE_OBJC_WEAK = YES;
				CLANG_WARN_BLOCK_CAPTURE_AUTORELEASING = YES;
				CLANG_WARN_BOOL_CONVERSION = YES;
				CLANG_WARN_COMMA = YES;
				CLANG_WARN_CONSTANT_CONVERSION = YES;
				CLANG_WARN_DEPRECATED_OBJC_IMPLEMENTATIONS = YES;
				CLANG_WARN_DIRECT_OBJC_ISA_USAGE = YES_ERROR;
				CLANG_WARN_DOCUMENTATION_COMMENTS = YES;
				CLANG_WARN_EMPTY_BODY = YES;
				CLANG_WARN_ENUM_CONVERSION = YES;
				CLANG_WARN_INFINITE_RECURSION = YES;
				CLANG_WARN_INT_CONVERSION = YES;
				CLANG_WARN_NON_LITERAL_NULL_CONVERSION = YES;
				CLANG_WARN_OBJC_IMPLICIT_RETAIN_SELF = YES;
				CLANG_WARN_OBJC_LITERAL_CONVERSION = YES;
				CLANG_WARN_OBJC_ROOT_CLASS = YES_ERROR;
				CLANG_WARN_QUOTED_INCLUDE_IN_FRAMEWORK_HEADER = YES;
				CLANG_WARN_RANGE_LOOP_ANALYSIS = YES;
				CLANG_WARN_STRICT_PROTOTYPES = YES;
				CLANG_WARN_SUSPICIOUS_MOVE = YES;
				CLANG_WARN_UNGUARDED_AVAILABILITY = YES_AGGRESSIVE;
				CLANG_WARN_UNREACHABLE_CODE = YES;
				CLANG_WARN__DUPLICATE_METHOD_MATCH = YES;
				COPY_PHASE_STRIP = NO;
				DEBUG_INFORMATION_FORMAT = dwarf;
				ENABLE_STRICT_OBJC_MSGSEND = YES;
				ENABLE_TESTABILITY = YES;
				GCC_C_LANGUAGE_STANDARD = gnu11;
				GCC_DYNAMIC_NO_PIC = NO;
				GCC_NO_COMMON_BLOCKS = YES;
				GCC_OPTIMIZATION_LEVEL = 0;
				GCC_PREPROCESSOR_DEFINITIONS = (
					"DEBUG=1",
					"$(inherited)",
				);
				GCC_WARN_64_TO_32_BIT_CONVERSION = YES;
				GCC_WARN_ABOUT_RETURN_TYPE = YES_ERROR;
				GCC_WARN_UNDECLARED_SELECTOR = YES;
				GCC_WARN_UNINITIALIZED_AUTOS = YES_AGGRESSIVE;
				GCC_WARN_UNUSED_FUNCTION = YES;
				GCC_WARN_UNUSED_VARIABLE = YES;
				IPHONEOS_DEPLOYMENT_TARGET = 16.4;
				MTL_ENABLE_DEBUG_INFO = INCLUDE_SOURCE;
				MTL_FAST_MATH = YES;
				ONLY_ACTIVE_ARCH = YES;
				SDKROOT = iphoneos;
				SWIFT_ACTIVE_COMPILATION_CONDITIONS = DEBUG;
				SWIFT_OPTIMIZATION_LEVEL = "-Onone";
			};
			name = Debug;
		};
		F70772E22A9710FB00F04558 /* Release */ = {
			isa = XCBuildConfiguration;
			buildSettings = {
				ALWAYS_SEARCH_USER_PATHS = NO;
				CLANG_ANALYZER_NONNULL = YES;
				CLANG_ANALYZER_NUMBER_OBJECT_CONVERSION = YES_AGGRESSIVE;
				CLANG_CXX_LANGUAGE_STANDARD = "gnu++20";
				CLANG_ENABLE_MODULES = YES;
				CLANG_ENABLE_OBJC_ARC = YES;
				CLANG_ENABLE_OBJC_WEAK = YES;
				CLANG_WARN_BLOCK_CAPTURE_AUTORELEASING = YES;
				CLANG_WARN_BOOL_CONVERSION = YES;
				CLANG_WARN_COMMA = YES;
				CLANG_WARN_CONSTANT_CONVERSION = YES;
				CLANG_WARN_DEPRECATED_OBJC_IMPLEMENTATIONS = YES;
				CLANG_WARN_DIRECT_OBJC_ISA_USAGE = YES_ERROR;
				CLANG_WARN_DOCUMENTATION_COMMENTS = YES;
				CLANG_WARN_EMPTY_BODY = YES;
				CLANG_WARN_ENUM_CONVERSION = YES;
				CLANG_WARN_INFINITE_RECURSION = YES;
				CLANG_WARN_INT_CONVERSION = YES;
				CLANG_WARN_NON_LITERAL_NULL_CONVERSION = YES;
				CLANG_WARN_OBJC_IMPLICIT_RETAIN_SELF = YES;
				CLANG_WARN_OBJC_LITERAL_CONVERSION = YES;
				CLANG_WARN_OBJC_ROOT_CLASS = YES_ERROR;
				CLANG_WARN_QUOTED_INCLUDE_IN_FRAMEWORK_HEADER = YES;
				CLANG_WARN_RANGE_LOOP_ANALYSIS = YES;
				CLANG_WARN_STRICT_PROTOTYPES = YES;
				CLANG_WARN_SUSPICIOUS_MOVE = YES;
				CLANG_WARN_UNGUARDED_AVAILABILITY = YES_AGGRESSIVE;
				CLANG_WARN_UNREACHABLE_CODE = YES;
				CLANG_WARN__DUPLICATE_METHOD_MATCH = YES;
				COPY_PHASE_STRIP = NO;
				DEBUG_INFORMATION_FORMAT = "dwarf-with-dsym";
				ENABLE_NS_ASSERTIONS = NO;
				ENABLE_STRICT_OBJC_MSGSEND = YES;
				GCC_C_LANGUAGE_STANDARD = gnu11;
				GCC_NO_COMMON_BLOCKS = YES;
				GCC_WARN_64_TO_32_BIT_CONVERSION = YES;
				GCC_WARN_ABOUT_RETURN_TYPE = YES_ERROR;
				GCC_WARN_UNDECLARED_SELECTOR = YES;
				GCC_WARN_UNINITIALIZED_AUTOS = YES_AGGRESSIVE;
				GCC_WARN_UNUSED_FUNCTION = YES;
				GCC_WARN_UNUSED_VARIABLE = YES;
				IPHONEOS_DEPLOYMENT_TARGET = 16.4;
				MTL_ENABLE_DEBUG_INFO = NO;
				MTL_FAST_MATH = YES;
				SDKROOT = iphoneos;
				SWIFT_COMPILATION_MODE = wholemodule;
				SWIFT_OPTIMIZATION_LEVEL = "-O";
				VALIDATE_PRODUCT = YES;
			};
			name = Release;
		};
		F70772E42A9710FB00F04558 /* Debug */ = {
			isa = XCBuildConfiguration;
			buildSettings = {
				ASSETCATALOG_COMPILER_APPICON_NAME = AppIcon;
				ASSETCATALOG_COMPILER_GLOBAL_ACCENT_COLOR_NAME = AccentColor;
				CODE_SIGN_STYLE = Automatic;
				CURRENT_PROJECT_VERSION = 1;
				GENERATE_INFOPLIST_FILE = YES;
				INFOPLIST_FILE = RickAndMorty/Info.plist;
				INFOPLIST_KEY_UIApplicationSupportsIndirectInputEvents = YES;
				INFOPLIST_KEY_UILaunchStoryboardName = LaunchScreen;
				INFOPLIST_KEY_UISupportedInterfaceOrientations_iPad = "UIInterfaceOrientationPortrait UIInterfaceOrientationPortraitUpsideDown UIInterfaceOrientationLandscapeLeft UIInterfaceOrientationLandscapeRight";
				INFOPLIST_KEY_UISupportedInterfaceOrientations_iPhone = "UIInterfaceOrientationPortrait UIInterfaceOrientationLandscapeLeft UIInterfaceOrientationLandscapeRight";
				LD_RUNPATH_SEARCH_PATHS = (
					"$(inherited)",
					"@executable_path/Frameworks",
				);
				MARKETING_VERSION = 1.0;
				PRODUCT_BUNDLE_IDENTIFIER = com.rendimomo.RickAndMorty;
				PRODUCT_NAME = "$(TARGET_NAME)";
				SWIFT_EMIT_LOC_STRINGS = YES;
				SWIFT_VERSION = 5.0;
				TARGETED_DEVICE_FAMILY = "1,2";
			};
			name = Debug;
		};
		F70772E52A9710FB00F04558 /* Release */ = {
			isa = XCBuildConfiguration;
			buildSettings = {
				ASSETCATALOG_COMPILER_APPICON_NAME = AppIcon;
				ASSETCATALOG_COMPILER_GLOBAL_ACCENT_COLOR_NAME = AccentColor;
				CODE_SIGN_STYLE = Automatic;
				CURRENT_PROJECT_VERSION = 1;
				GENERATE_INFOPLIST_FILE = YES;
				INFOPLIST_FILE = RickAndMorty/Info.plist;
				INFOPLIST_KEY_UIApplicationSupportsIndirectInputEvents = YES;
				INFOPLIST_KEY_UILaunchStoryboardName = LaunchScreen;
				INFOPLIST_KEY_UISupportedInterfaceOrientations_iPad = "UIInterfaceOrientationPortrait UIInterfaceOrientationPortraitUpsideDown UIInterfaceOrientationLandscapeLeft UIInterfaceOrientationLandscapeRight";
				INFOPLIST_KEY_UISupportedInterfaceOrientations_iPhone = "UIInterfaceOrientationPortrait UIInterfaceOrientationLandscapeLeft UIInterfaceOrientationLandscapeRight";
				LD_RUNPATH_SEARCH_PATHS = (
					"$(inherited)",
					"@executable_path/Frameworks",
				);
				MARKETING_VERSION = 1.0;
				PRODUCT_BUNDLE_IDENTIFIER = com.rendimomo.RickAndMorty;
				PRODUCT_NAME = "$(TARGET_NAME)";
				SWIFT_EMIT_LOC_STRINGS = YES;
				SWIFT_VERSION = 5.0;
				TARGETED_DEVICE_FAMILY = "1,2";
			};
			name = Release;
		};
/* End XCBuildConfiguration section */

/* Begin XCConfigurationList section */
		F70772CA2A9710FA00F04558 /* Build configuration list for PBXProject "RickAndMorty" */ = {
			isa = XCConfigurationList;
			buildConfigurations = (
				F70772E12A9710FB00F04558 /* Debug */,
				F70772E22A9710FB00F04558 /* Release */,
			);
			defaultConfigurationIsVisible = 0;
			defaultConfigurationName = Release;
		};
		F70772E32A9710FB00F04558 /* Build configuration list for PBXNativeTarget "RickAndMorty" */ = {
			isa = XCConfigurationList;
			buildConfigurations = (
				F70772E42A9710FB00F04558 /* Debug */,
				F70772E52A9710FB00F04558 /* Release */,
			);
			defaultConfigurationIsVisible = 0;
			defaultConfigurationName = Release;
		};
/* End XCConfigurationList section */
	};
	rootObject = F70772C72A9710FA00F04558 /* Project object */;
}
